version = 1
revision = 3
requires-python = ">=3.10"

[[package]]
name = "anyio"
version = "4.15.1"
source = { registry = "https://pypi.org/simple" }
dependencies = [
    { name = "exceptiongroup", marker = "python_full_version < '3.11'" },
    { name = "idna" },
    { name = "typing-extensions", marker = "python_full_version < '3.15'" },
]
sdist = { url = "https://files.pythonhosted.org/packages/a9/d2/f4d173e22df740bc37b1db102b386ba719b66e95b0f0d751f556b387e6d2/anyio-4.15.1.tar.gz", hash = "sha256:9f28306018cbd6d329e64a36d58256edff76dd996fe423bc957326e578b82a94", size = 276966, upload-time = "2026-09-05T10:42:39.44Z" }
wheels = [
    { url = "https://files.pythonhosted.org/packages/12/b8/4bd346e22b28902df4d651910f5242c28d84e4a5c2435ca5c3f797ed7e2e/anyio-4.15.1-py3-none-any.whl", hash = "sha256:6152fdbbf9a77fdec97731721bebf7c4c44f7c29b424b0065826173efc7ed101", size = 132079, upload-time = "2026-09-05T10:42:37.923Z" },
]

[[package]]
name = "certifi"
version = "2026.7.22"
source = { registry = "https://pypi.org/simple" }
sdist = { url = "https://files.pythonhosted.org/packages/a3/c2/24167ea9858356b47a87a50d39908bfdb72ceeefe0041586e704e5376b3a/certifi-2026.7.22.tar.gz", hash = "sha256:741e2c3b351ddf169a738da9f2c048608ff7f2c5cc02f1ebc6b118bb090d5d55", size = 138112, upload-time = "2026-07-22T03:35:12.644Z" }
wheels = [
    { url = "https://files.pythonhosted.org/packages/0b/a7/71ac2cff56fec219ed242bb11b8efb69fcc4bec75db06fb7bfe35de520e6/certifi-2026.7.22-py3-none-any.whl", hash = "sha256:62f22742b58a1a33014a2b6b706588a8d7e2a88ae7bd1a6ebe8c992928483775", size = 136983, upload-time = "2026-07-22T03:35:11.276Z" },
]

[[package]]
name = "exceptiongroup"
version = "1.3.1"
source = { registry = "https://pypi.org/simple" }
dependencies = [
    { name = "typing-extensions" },
]
sdist = { url = "https://files.pythonhosted.org/packages/50/79/66800aadf48771f6b62f7eb014e352e5d06856655206165d775e675a02c9/exceptiongroup-1.3.1.tar.gz", hash = "sha256:8b412432c6055b0b7d14c310000ae93352ed6754f70fa8f7c34141f91c4e3219", size = 30371, upload-time = "2025-11-21T23:01:54.787Z" }
wheels = [
    { url = "https://files.pythonhosted.org/packages/8a/0e/97c33bf5009bdbac74fd2beace167cab3f978feb69cc36f1ef79360d6c4e/exceptiongroup-1.3.1-py3-none-any.whl", hash = "sha256:a7a39a3bd276781e98394987d3a5701d0c4edffb633bb7a5144577f82c773598", size = 16740, upload-time = "2025-11-21T23:01:53.443Z" },
]

[[package]]
name = "h11"
version = "0.16.0"
source = { registry = "https://pypi.org/simple" }
sdist = { url = "https://files.pythonhosted.org/packages/01/ee/02a2c011bdab74c6fb3c75474d40b3052059d95df7e73351460c8588d963/h11-0.16.0.tar.gz", hash = "sha256:4e35b956cf45792e4caa5885e69fba00bdbc6ffafbfa020300e549b208ee5ff1", size = 101250, upload-time = "2025-04-24T03:35:25.427Z" }
wheels = [
    { url = "https://files.pythonhosted.org/packages/04/4b/29cac41a4d98d144bf5f6d33995617b185d14b22401f75ca86f384e87ff1/h11-0.16.0-py3-none-any.whl", hash = "sha256:63cf8bbe7522de3bf65932fda1d9c2772064ffb3dae62d55932da54b31cb6c86", size = 37515, upload-time = "2025-04-24T03:35:24.344Z" },
]

[[package]]
name = "h2"
version = "4.4.1"
source = { registry = "https://pypi.org/simple" }
dependencies = [
    { name = "hpack" },
    { name = "hyperframe" },
]
sdist = { url = "https://files.pythonhosted.org/packages/e7/85/7c366e69d84c17bb778fe41419e1fbcce3033d5b7ce29bbffff0a98b859f/h2-4.4.1.tar.gz", hash = "sha256:4e866ffb1a869ae14dd9b5e6beb5c24a13da0495ad72b65925ded182521c1516", size = 2157281, upload-time = "2026-08-03T11:45:09.509Z" }
wheels = [
    { url = "https://files.pythonhosted.org/packages/7e/22/e85faf23bd72a92d1921e37d674ca56eb298a3c8be31fdecef0ff2b3aaac/h2-4.4.1-py3-none-any.whl", hash = "sha256:0e25f1462b23c9cb82d9eb02e28bc706dac2a68cb457c6a0d74d63c8a2a5d0e6", size = 62636, upload-time = "2026-08-03T11:44:59.164Z" },
]

[[package]]
name = "hpack"
version = "4.2.0"
source = { registry = "https://pypi.org/simple" }
sdist = { url = "https://files.pythonhosted.org/packages/26/5b/fcabf6028144a8723726318b07a32c2f3314acdff6265743cf08a344b18e/hpack-4.2.0.tar.gz", hash = "sha256:0895cfa3b5531fc65fe439c05eb65144f123bf7a394fcaa56aa423548d8e45c0", size = 51300, upload-time = "2026-06-23T18:34:46.667Z" }
wheels = [
    { url = "https://files.pythonhosted.org/packages/71/b4/4a9fcfb2aef6ba44d9073ecd301443aa00b3dac95de5619f2a7de7ec8a91/hpack-4.2.0-py3-none-any.whl", hash = "sha256:858ac0b02280fa582b5080d68db0899c62a80375e0e5413a74970c5e518b6986", size = 34246, upload-time = "2026-06-23T18:34:45.472Z" },
]

[[package]]
name = "httpcore"
version = "1.0.9"
source = { registry = "https://pypi.org/simple" }
dependencies = [
    { name = "certifi" },
    { name = "h11" },
]
sdist = { url = "https://files.pythonhosted.org/packages/06/94/82699a10bca87a5556c9c59b5963f2d039dbd239f25bc2a63907a05a14cb/httpcore-1.0.9.tar.gz", hash = "sha256:6e34463af53fd2ab5d807f399a9b45ea31c3dfa2276f15a2c3f00afff6e176e8", size = 85484, upload-time = "2025-04-24T22:06:22.219Z" }
wheels = [
    { url = "https://files.pythonhosted.org/packages/7e/f5/f66802a942d491edb555dd61e3a9961140fd64c90bce1eafd741609d334d/httpcore-1.0.9-py3-none-any.whl", hash = "sha256:2d400746a40668fc9dec9810239072b40b4484b640a8c38fd654a024c7a1bf55", size = 78784, upload-time = "2025-04-24T22:06:20.566Z" },
]

[[package]]
name = "httpx"
version = "0.28.1"
source = { registry = "https://pypi.org/simple" }
dependencies = [
    { name = "anyio" },
    { name = "certifi" },
    { name = "httpcore" },
    { name = "idna" },
]
sdist = { url = "https://files.pythonhosted.org/packages/b1/df/48c586a5fe32a0f01324ee087459e112ebb7224f646c0b5023f5e79e9956/httpx-0.28.1.tar.gz", hash = "sha256:75e98c5f16b0f35b567856f597f06ff2270a374470a5c2392242528e3e3e42fc", size = 141406, upload-time = "2024-12-06T15:37:23.222Z" }
wheels = [
    { url = "https://files.pythonhosted.org/packages/2a/39/e50c7c3a983047577ee07d2a9e53faf5a69493943ec3f6a384bdc792deb2/httpx-0.28.1-py3-none-any.whl", hash = "sha256:d909fcccc110f8c7faf814ca82a9a4d816bc5a6dbfea25d6591d6985b8ba59ad", size = 73517, upload-time = "2024-12-06T15:37:21.509Z" },
]

[package.optional-dependencies]
http2 = [
    { name = "h2" },
]

[[package]]
name = "hyperframe"
version = "6.1.0"
source = { registry = "https://pypi.org/simple" }
sdist = { url = "https://files.pythonhosted.org/packages/02/e7/94f8232d4a74cc99514c13a9f995811485a6903d48e5d952771ef6322e30/hyperframe-6.1.0.tar.gz", hash = "sha256:f630908a00854a7adeabd6382b43923a4c4cd4b821fcb527e6ab9e15382a3b08", size = 26566, upload-time = "2025-01-22T21:41:49.302Z" }
wheels = [
    { url = "https://files.pythonhosted.org/packages/48/30/47d0bf6072f7252e6521f3447ccfa40b421b6824517f82854703d0f5a98b/hyperframe-6.1.0-py3-none-any.whl", hash = "sha256:b03380493a519fce58ea5af42e4a42317bf9bd425596f7a0835ffce80f1a42e5", size = 13007, upload-time = "2025-01-22T21:41:47.295Z" },
]

[[package]]
name = "idna"
version = "3.20"
source = { registry = "https://pypi.org/simple" }
sdist = { url = "https://files.pythonhosted.org/packages/f5/08/8eea9d4b8302028f3abb2c0813953f7aec26d33b7a8960ed760e65ff29fa/idna-3.20.tar.gz", hash = "sha256:a7db850025b95ded1eae8a46181a1a6c56c92c96f0e2b005d9ff8dc0210cab44", size = 216463, upload-time = "2026-09-17T14:11:04.752Z" }
wheels = [
    { url = "https://files.pythonhosted.org/packages/58/a2/bb081bab032533a855d44de1d56f8e8426114ff1ba5d1f07a438a0a654f8/idna-3.20-py3-none-any.whl", hash = "sha256:ab7ae7122974553370f0bdb919e1a960b2cd1bc1ef0276416d896db81c14582c", size = 69583, upload-time = "2026-09-17T14:11:03.168Z" },
]

[[package]]
name = "microsoft-kiota-abstractions"
version = "1.13.0"
source = { registry = "https://pypi.org/simple" }
dependencies = [
    { name = "opentelemetry-api" },
    { name = "opentelemetry-sdk" },
    { name = "std-uritemplate" },
]
sdist = { url = "https://files.pythonhosted.org/packages/c4/f7/7fd2587e0ca207e198a3febc15d89226ddfeeff051eb7542b86fe25661d5/microsoft_kiota_abstractions-1.13.0.tar.gz", hash = "sha256:e04551426c5a15e584b5c14a607615ef7e5d93a239bddd94afaad1bde567a9d5", size = 25586, upload-time = "2026-09-18T19:14:49.177Z" }
wheels = [
    { url = "https://files.pythonhosted.org/packages/4c/9c/f770394c759e6c3208b2f7955cda4e9122b7e2f87d59ec38bddebd9522d8/microsoft_kiota_abstractions-1.13.0-py3-none-any.whl", hash = "sha256:fc07c474e9898fdd1d0c97fad416a0911455b984679afa194b342bfb152a639e", size = 44689, upload-time = "2026-09-18T19:14:57.128Z" },
]

[[package]]
name = "microsoft-kiota-bundle"
version = "1.13.0"
source = { registry = "https://pypi.org/simple" }
dependencies = [
    { name = "microsoft-kiota-abstractions" },
    { name = "microsoft-kiota-http" },
    { name = "microsoft-kiota-serialization-form" },
    { name = "microsoft-kiota-serialization-json" },
    { name = "microsoft-kiota-serialization-multipart" },
    { name = "microsoft-kiota-serialization-text" },
]
sdist = { url = "https://files.pythonhosted.org/packages/af/33/5ce11b989a46ed6f477ff4dd5fa7cbdb7ada91c10fd4d1d22b094be731a1/microsoft_kiota_bundle-1.13.0.tar.gz", hash = "sha256:743f872f7baf6e81c495e5aef5cf5c3ee86295fd071dcf0d332f1e1c5969f70f", size = 3537, upload-time = "2026-09-18T19:14:51.391Z" }
wheels = [
    { url = "https://files.pythonhosted.org/packages/8b/ec/0d3bdaee244f26cc9d510dbd480acef8f9522a017bbfa132e608de67db27/microsoft_kiota_bundle-1.13.0-py3-none-any.whl", hash = "sha256:77efce34a45f16594793607c4d859e46069542216b4008500ac65f7a62c670a4", size = 4074, upload-time = "2026-09-18T19:14:59.159Z" },
]

[[package]]
name = "microsoft-kiota-http"
version = "1.13.0"
source = { registry = "https://pypi.org/simple" }
dependencies = [
    { name = "httpx", extra = ["http2"] },
    { name = "microsoft-kiota-abstractions" },
    { name = "opentelemetry-api" },
    { name = "opentelemetry-sdk" },
]
sdist = { url = "https://files.pythonhosted.org/packages/61/e8/d310c8bce6f020e253dc792a90cf82f69d26c249628f7b56a00482df71ba/microsoft_kiota_http-1.13.0.tar.gz", hash = "sha256:021c6e8efacd49dbdb718e11a848e2a9364100c8133f8d2c2ab6f56c528a64c1", size = 24590, upload-time = "2026-09-18T19:14:52.362Z" }
wheels = [
    { url = "https://files.pythonhosted.org/packages/3a/38/9e7f030a7fa878a75f5935d2cb34d738c5fa2d20d73a926156ad6e9a3d3e/microsoft_kiota_http-1.13.0-py3-none-any.whl", hash = "sha256:b81a52969213500d10711b475f2b35906f74262a44f1d0e81b01dde405bf61b7", size = 35650, upload-time = "2026-09-18T19:15:00.109Z" },
]

[[package]]
name = "microsoft-kiota-serialization-form"
version = "1.13.0"
source = { registry = "https://pypi.org/simple" }
dependencies = [
    { name = "microsoft-kiota-abstractions" },
]
sdist = { url = "https://files.pythonhosted.org/packages/90/ad/fa41bbce8038492020c458cfe66f9f2abdc7a00f7c59fc437603563cf6ae/microsoft_kiota_serialization_form-1.13.0.tar.gz", hash = "sha256:caf1667940b32a4f515a6f203a8cb15c6b6349058e9581bcd2c29b40abeca4d8", size = 9188, upload-time = "2026-09-18T19:14:53.426Z" }
wheels = [
    { url = "https://files.pythonhosted.org/packages/20/74/4afadb2e8abc40ee13d1863510547f472d602f903560bcdb0c6112dfd369/microsoft_kiota_serialization_form-1.13.0-py3-none-any.whl", hash = "sha256:7ffe5b60b87c72aec37baa62aa6b471fa7bcfc16ccf963a10b543f603a3d3b54", size = 10877, upload-time = "2026-09-18T19:15:01.09Z" },
]

[[package]]
name = "microsoft-kiota-serialization-json"
version = "1.13.0"
source = { registry = "https://pypi.org/simple" }
dependencies = [
    { name = "microsoft-kiota-abstractions" },
]
sdist = { url = "https://files.pythonhosted.org/packages/3b/69/6312c9cb3069dd826dc424b45473e0b5057285089ed02c5884d650c2261f/microsoft_kiota_serialization_json-1.13.0.tar.gz", hash = "sha256:a24b007b29c19aa2945c66055666545a18d8346d0e6b32476eebb09fcd171a9a", size = 10186, upload-time = "2026-09-18T19:14:54.472Z" }
wheels = [
    { url = "https://files.pythonhosted.org/packages/d4/dd/b5b588ca3b32b941ea7d337017f4734ab253a327517ae493b609e8d11549/microsoft_kiota_serialization_json-1.13.0-py3-none-any.whl", hash = "sha256:154aa446cb13c32ee375ff3c62a17594a58e06a3b6ee36f4240e9b5f0d4c9f54", size = 11817, upload-time = "2026-09-18T19:15:02.271Z" },
]

[[package]]
name = "microsoft-kiota-serialization-multipart"
version = "1.13.0"
source = { registry = "https://pypi.org/simple" }
dependencies = [
    { name = "microsoft-kiota-abstractions" },
]
sdist = { url = "https://files.pythonhosted.org/packages/47/c1/e47a6e883a87d68efab3c5c91b4c5ca8a3abd202aa734e387e5721209568/microsoft_kiota_serialization_multipart-1.13.0.tar.gz", hash = "sha256:bd1f54a690e0422af868b63315b00dfe65b78d0df8f37a0891b3e76d816fb139", size = 5120, upload-time = "2026-09-18T19:14:55.249Z" }
wheels = [
    { url = "https://files.pythonhosted.org/packages/1a/bd/fbc1fe02c40b32879104607763c59b69afca3833b6ce94d25cfc7e253d99/microsoft_kiota_serialization_multipart-1.13.0-py3-none-any.whl", hash = "sha256:70b5522f7edf5b931ba5cfe54ca9972267a0f325153b85468ba817673e5bff2c", size = 6703, upload-time = "2026-09-18T19:15:03.126Z" },
]

[[package]]
name = "microsoft-kiota-serialization-text"
version = "1.13.0"
source = { registry = "https://pypi.org/simple" }
dependencies = [
    { name = "microsoft-kiota-abstractions" },
]
sdist = { url = "https://files.pythonhosted.org/packages/f7/06/85bb0acf40422b5d1b82ad764eac4e379d585781ea86e6acbacc04e397bd/microsoft_kiota_serialization_text-1.13.0.tar.gz", hash = "sha256:86f198e1ff8f33661c67de174de4b93176db2a5659e674191cf6b93e2b73a234", size = 7363, upload-time = "2026-09-18T19:14:56.22Z" }
wheels = [
    { url = "https://files.pythonhosted.org/packages/a6/70/f870c404751d059dfeb72d147096a65c74b0e1b602f43891c0ada11f372c/microsoft_kiota_serialization_text-1.13.0-py3-none-any.whl", hash = "sha256:a60c27d183ededc90480293683e48cb2c57e3ee391958e449f1253db0cdc0e2d", size = 8895, upload-time = "2026-09-18T19:15:04.012Z" },
]

[[package]]
name = "oma-spacegass-api"
version = "0.1.0"
source = { virtual = "." }
dependencies = [
    { name = "space-gass-api" },
]

[package.metadata]
requires-dist = [{ name = "space-gass-api", specifier = ">=14.50" }]

[[package]]
name = "opentelemetry-api"
version = "1.44.0"
source = { registry = "https://pypi.org/simple" }
dependencies = [
    { name = "typing-extensions" },
]
sdist = { url = "https://files.pythonhosted.org/packages/ee/8b/aa9e2d8b8dfa7c946f7dec5d1f8f6ba8eca062f43509a06bdb5ce93d26c0/opentelemetry_api-1.44.0.tar.gz", hash = "sha256:67647e5e9566edcf421166fdf022b3537f818635daa852b289e34604dc6fb33a", size = 72406, upload-time = "2026-07-16T15:25:32.678Z" }
wheels = [
    { url = "https://files.pythonhosted.org/packages/ca/6f/a04e900f465ff3221ccc395522503e2d10e79fa21f2723c8e177aae1e0d1/opentelemetry_api-1.44.0-py3-none-any.whl", hash = "sha256:94b98c893a91b88657eaac1e3ba89618cdb85be6918196705354f34728b2cdef", size = 60018, upload-time = "2026-07-16T15:25:11.657Z" },
]

[[package]]
name = "opentelemetry-sdk"
version = "1.44.0"
source = { registry = "https://pypi.org/simple" }
dependencies = [
    { name = "opentelemetry-api" },
    { name = "opentelemetry-semantic-conventions" },
    { name = "typing-extensions" },
]
sdist = { url = "https://files.pythonhosted.org/packages/5d/77/a6592cbc7c8d9bcc9d6757a9df45e04a7c585e3e6e7a13456da522b21109/opentelemetry_sdk-1.44.0.tar.gz", hash = "sha256:cebe7f65dc12f26ead75c6064de12fd2a9052e5060c0272d402cfa203aae123b", size = 208624, upload-time = "2026-07-16T15:25:46.078Z" }
wheels = [
    { url = "https://files.pythonhosted.org/packages/e7/23/ff077e61886ee020a17ce9c8b6fa11c601c8d8345b09ea24f605445df62a/opentelemetry_sdk-1.44.0-py3-none-any.whl", hash = "sha256:df081c4c6bcfdb1211e3e86140376792643128a25f8d72d1d27675936e7e96ad", size = 137221, upload-time = "2026-07-16T15:25:29.534Z" },
]

[[package]]
name = "opentelemetry-semantic-conventions"
version = "0.65b0"
source = { registry = "https://pypi.org/simple" }
dependencies = [
    { name = "opentelemetry-api" },
    { name = "typing-extensions" },
]
sdist = { url = "https://files.pythonhosted.org/packages/8f/73/0cbdebcb4cf545fdd328da14f5137e37d0770c3f26185e478b0d15d94f50/opentelemetry_semantic_conventions-0.65b0.tar.gz", hash = "sha256:f9b2b81e9d5b64f11bc952075e7e9c7fb0aab075c7fd1c46d597f1b919852d60", size = 148774, upload-time = "2026-07-16T15:25:46.902Z" }
wheels = [
    { url = "https://files.pythonhosted.org/packages/a6/0e/49df70d9b81fb5cbae4bbf2a49d865b09bcbcbc4eb53f5851b1027738d78/opentelemetry_semantic_conventions-0.65b0-py3-none-any.whl", hash = "sha256:1cacde7b0ad306f84c5ef08c3dbe1bbaf20165bba6f8bff43b670e555a086bcb", size = 204645, upload-time = "2026-07-16T15:25:30.688Z" },
]

[[package]]
name = "space-gass-api"
version = "14.50.165"
source = { registry = "https://pypi.org/simple" }
dependencies = [
    { name = "microsoft-kiota-bundle" },
]
sdist = { url = "https://files.pythonhosted.org/packages/4b/9f/ffd67b0c20901374c30e201e0f8a1335efaaa31e665c67cfbc84d33f2ad2/space_gass_api-14.50.165.tar.gz", hash = "sha256:6b2d09ed38224b2307421f641af61a37899b6bad5f5e9ced5c4351720d6a3cc3", size = 274940, upload-time = "2026-08-29T05:07:06.967Z" }
wheels = [
    { url = "https://files.pythonhosted.org/packages/91/12/698a31867b5b7700e07b5c247441ab012820780ebb6f7014dd439299b1e6/space_gass_api-14.50.165-py3-none-any.whl", hash = "sha256:39701566a4cac84cb3f11efed5e54d44c3d92767ada0d3a86a6165cd16a22f3b", size = 927165, upload-time = "2026-08-29T05:07:05.468Z" },
]

[[package]]
name = "std-uritemplate"
version = "2.0.12"
source = { registry = "https://pypi.org/simple" }
sdist = { url = "https://files.pythonhosted.org/packages/7a/f8/8f2b708394a6371e9b0e1cabdaf1be314f6b28c3697786a0a7e5f31ee9bf/std_uritemplate-2.0.12.tar.gz", hash = "sha256:c245e6d9c6804e435c45fa94ee4a3c8a57e08aeeb45af261101cb0d513964534", size = 6557, upload-time = "2026-07-16T11:04:14.654Z" }
wheels = [
    { url = "https://files.pythonhosted.org/packages/53/9b/77a4936805a7853189ca040b698f7c8d6a1d4ca88c09a880a95b8d544d6a/std_uritemplate-2.0.12-py3-none-any.whl", hash = "sha256:42b702d8d7eb8c13b586c527b8f2edaff456b69fee88e817d2f5dc5f088b8765", size = 7095, upload-time = "2026-07-16T11:04:15.43Z" },
]

[[package]]
name = "typing-extensions"
version = "4.16.0"
source = { registry = "https://pypi.org/simple" }
sdist = { url = "https://files.pythonhosted.org/packages/f6/cc/6253133b5bb138fc3306cebfbda2c520f545d36b5be2c7255cc528bb45d6/typing_extensions-4.16.0.tar.gz", hash = "sha256:dc983d19a509c94dba722ee6abd33940f7c05a89e243c47e907eb4db6f1a43e5", size = 113555, upload-time = "2026-07-02T08:40:05.92Z" }
wheels = [
    { url = "https://files.pythonhosted.org/packages/49/d3/b8441a820a491ddfc024b0b0cf0393375b75ea13866d9c66727e54c2fc80/typing_extensions-4.16.0-py3-none-any.whl", hash = "sha256:481caa481374e813c1b176ada14e97f1f67a4539ce9cfeb3f350d78d6370c2e8", size = 45571, upload-time = "2026-07-02T08:40:04.659Z" },
]
